
Microsoft Visual Studio Solution File, Format Version 12.00
# Visual Studio 15
VisualStudioVersion = 15.0.27130.2010
MinimumVisualStudioVersion = 10.0.40219.1
Project("{FAE04EC0-301F-11D3-BF4B-00C04F79EFBC}") = "ChatterExample", "ChatterExample\ChatterExample.csproj", "{9D9AF437-CCEE-4386-B902-6F0C6AC7EAA3}"
EndProject
Global
	GlobalSection(SolutionConfigurationPlatforms) = preSolution
		Debug|Any CPU = Debug|Any CPU
		Release|Any CPU = Release|Any CPU
	EndGlobalSection
	GlobalSection(ProjectConfigurationPlatforms) = postSolution
		{9D9AF437-CCEE-4386-B902-6F0C6AC7EAA3}.Debug|Any CPU.ActiveCfg = Debug|Any CPU
		{9D9AF437-CCEE-4386-B902-6F0C6AC7EAA3}.Debug|Any CPU.Build.0 = Debug|Any CPU
		{9D9AF437-CCEE-4386-B902-6F0C6AC7EAA3}.Release|Any CPU.ActiveCfg = Release|Any CPU
		{9D9AF437-CCEE-4386-B902-6F0C6AC7EAA3}.Release|Any CPU.Build.0 = Release|Any CPU
	EndGlobalSection
	GlobalSection(SolutionProperties) = preSolution
		HideSolutionNode = FALSE
	EndGlobalSection
	GlobalSection(ExtensibilityGlobals) = postSolution
		SolutionGuid = {0FA8FAA2-6157-4973-B920-4A6D4DF39891}
	EndGlobalSection
EndGlobal
